{
  "version": 4,
  "terraform_version": "1.11.4",
  "serial": 20,
  "lineage": "47ab1c27-d32f-fa96-1e04-f916fa6194a2",
  "outputs": {
    "instance_ip": {
      "value": "192.168.199.68",
      "type": "string"
    }
  },
  "resources": [
    {
      "mode": "managed",
      "type": "openstack_blockstorage_volume_v3",
      "name": "server_volume",
      "provider": "provider[\"registry.terraform.io/terraform-provider-openstack/openstack\"]",
      "instances": [
        {
          "schema_version": 0,
          "attributes": {
            "attachment": [],
            "availability_zone": "nova",
            "consistency_group_id": null,
            "description": "",
            "enable_online_resize": null,
            "id": "070b4b53-2089-40df-b2f3-73dbe1749875",
            "image_id": "debian-12",
            "metadata": {},
            "multiattach": null,
            "name": "2025-nguen-tf-volume",
            "region": "",
            "scheduler_hints": [],
            "size": 20,
            "snapshot_id": "",
            "source_replica": null,
            "source_vol_id": "",
            "timeouts": null,
            "volume_type": "__DEFAULT__"
          },
          "sensitive_attributes": [],
          "private": "eyJlMmJmYjczMC1lY2FhLTExZTYtOGY4OC0zNDM2M2JjN2M0YzAiOnsiY3JlYXRlIjo2MDAwMDAwMDAwMDAsImRlbGV0ZSI6NjAwMDAwMDAwMDAwfX0="
        }
      ]
    },
    {
      "mode": "managed",
      "type": "openstack_compute_instance_v2",
      "name": "nguen_instance",
      "provider": "provider[\"registry.terraform.io/terraform-provider-openstack/openstack\"]",
      "instances": [
        {
          "schema_version": 0,
          "attributes": {
            "access_ip_v4": "192.168.199.68",
            "access_ip_v6": "",
            "admin_pass": null,
            "all_metadata": {},
            "all_tags": [],
            "availability_zone": "nova",
            "availability_zone_hints": null,
            "block_device": [
              {
                "boot_index": 0,
                "delete_on_termination": false,
                "destination_type": "volume",
                "device_type": "",
                "disk_bus": "",
                "guest_format": "",
                "source_type": "volume",
                "uuid": "070b4b53-2089-40df-b2f3-73dbe1749875",
                "volume_size": 0,
                "volume_type": ""
              }
            ],
            "config_drive": null,
            "created": "2025-04-30 01:01:00 +0000 UTC",
            "flavor_id": "2d059d23-a7ea-45ee-a1e0-2f97591520ae",
            "flavor_name": "m1.small",
            "floating_ip": null,
            "force_delete": false,
            "id": "3d182f4a-0b91-40d6-8efa-d56ec93b5f41",
            "image_id": "Attempt to boot from volume - no image supplied",
            "image_name": null,
            "key_pair": "nguen-tf",
            "metadata": null,
            "name": "nguen-tf",
            "network": [
              {
                "access_network": false,
                "fixed_ip_v4": "192.168.199.68",
                "fixed_ip_v6": "",
                "floating_ip": "",
                "mac": "fa:16:3e:c4:64:26",
                "name": "sutdents-net",
                "port": "6aa909e2-d86d-4b85-83a9-d881524e0f6b",
                "uuid": "17eae9b6-2168-4a07-a0d3-66d5ad2a9f0e"
              }
            ],
            "network_mode": null,
            "personality": [],
            "power_state": "active",
            "region": "",
            "scheduler_hints": [],
            "security_groups": [
              "2025-nguen-tf-security-group"
            ],
            "stop_before_destroy": false,
            "tags": null,
            "timeouts": null,
            "updated": "2025-04-30 01:01:10 +0000 UTC",
            "user_data": null,
            "vendor_options": [],
            "volume": []
          },
          "sensitive_attributes": [
            [
              {
                "type": "get_attr",
                "value": "admin_pass"
              }
            ]
          ],
          "private": "eyJlMmJmYjczMC1lY2FhLTExZTYtOGY4OC0zNDM2M2JjN2M0YzAiOnsiY3JlYXRlIjoxODAwMDAwMDAwMDAwLCJkZWxldGUiOjE4MDAwMDAwMDAwMDAsInVwZGF0ZSI6MTgwMDAwMDAwMDAwMH19",
          "dependencies": [
            "openstack_blockstorage_volume_v3.server_volume",
            "openstack_networking_port_v2.server_port",
            "openstack_networking_secgroup_v2.security_group"
          ]
        }
      ]
    },
    {
      "mode": "managed",
      "type": "openstack_networking_port_v2",
      "name": "server_port",
      "provider": "provider[\"registry.terraform.io/terraform-provider-openstack/openstack\"]",
      "instances": [
        {
          "schema_version": 0,
          "attributes": {
            "admin_state_up": true,
            "all_fixed_ips": [
              "192.168.199.68"
            ],
            "all_security_group_ids": [
              "8654e739-a9a7-4184-b55f-8423a71b6ff3"
            ],
            "all_tags": [],
            "allowed_address_pairs": [],
            "binding": [
              {
                "host_id": "",
                "profile": "",
                "vif_details": {},
                "vif_type": "",
                "vnic_type": "normal"
              }
            ],
            "description": "",
            "device_id": "",
            "device_owner": "",
            "dns_assignment": [],
            "dns_name": "",
            "extra_dhcp_option": [],
            "fixed_ip": [],
            "id": "6aa909e2-d86d-4b85-83a9-d881524e0f6b",
            "mac_address": "fa:16:3e:c4:64:26",
            "name": "",
            "network_id": "17eae9b6-2168-4a07-a0d3-66d5ad2a9f0e",
            "no_fixed_ip": null,
            "no_security_groups": null,
            "port_security_enabled": true,
            "qos_policy_id": "",
            "region": "",
            "security_group_ids": [
              "8654e739-a9a7-4184-b55f-8423a71b6ff3"
            ],
            "tags": [],
            "tenant_id": "a02aed7892fa45d0bc2bef3b8a08a6e9",
            "timeouts": null,
            "value_specs": null
          },
          "sensitive_attributes": [],
          "private": "eyJlMmJmYjczMC1lY2FhLTExZTYtOGY4OC0zNDM2M2JjN2M0YzAiOnsiY3JlYXRlIjo2MDAwMDAwMDAwMDAsImRlbGV0ZSI6NjAwMDAwMDAwMDAwfX0=",
          "dependencies": [
            "openstack_networking_secgroup_v2.security_group"
          ]
        }
      ]
    },
    {
      "mode": "managed",
      "type": "openstack_networking_secgroup_rule_v2",
      "name": "security_group_rule_http",
      "provider": "provider[\"registry.terraform.io/terraform-provider-openstack/openstack\"]",
      "instances": [
        {
          "schema_version": 0,
          "attributes": {
            "description": "",
            "direction": "ingress",
            "ethertype": "IPv4",
            "id": "decb8f71-aea2-4896-b48a-1b5ad99f60c9",
            "port_range_max": 80,
            "port_range_min": 80,
            "protocol": "tcp",
            "region": "",
            "remote_group_id": "",
            "remote_ip_prefix": "0.0.0.0/0",
            "security_group_id": "8654e739-a9a7-4184-b55f-8423a71b6ff3",
            "tenant_id": "a02aed7892fa45d0bc2bef3b8a08a6e9",
            "timeouts": null
          },
          "sensitive_attributes": [],
          "private": "eyJlMmJmYjczMC1lY2FhLTExZTYtOGY4OC0zNDM2M2JjN2M0YzAiOnsiZGVsZXRlIjo2MDAwMDAwMDAwMDB9fQ==",
          "dependencies": [
            "openstack_networking_secgroup_v2.security_group"
          ]
        }
      ]
    },
    {
      "mode": "managed",
      "type": "openstack_networking_secgroup_rule_v2",
      "name": "security_group_rule_https",
      "provider": "provider[\"registry.terraform.io/terraform-provider-openstack/openstack\"]",
      "instances": [
        {
          "schema_version": 0,
          "attributes": {
            "description": "",
            "direction": "ingress",
            "ethertype": "IPv4",
            "id": "492bc1c5-1bdb-4d1a-be9d-d1a0646ca27a",
            "port_range_max": 443,
            "port_range_min": 443,
            "protocol": "tcp",
            "region": "",
            "remote_group_id": "",
            "remote_ip_prefix": "0.0.0.0/0",
            "security_group_id": "8654e739-a9a7-4184-b55f-8423a71b6ff3",
            "tenant_id": "a02aed7892fa45d0bc2bef3b8a08a6e9",
            "timeouts": null
          },
          "sensitive_attributes": [],
          "private": "eyJlMmJmYjczMC1lY2FhLTExZTYtOGY4OC0zNDM2M2JjN2M0YzAiOnsiZGVsZXRlIjo2MDAwMDAwMDAwMDB9fQ==",
          "dependencies": [
            "openstack_networking_secgroup_v2.security_group"
          ]
        }
      ]
    },
    {
      "mode": "managed",
      "type": "openstack_networking_secgroup_rule_v2",
      "name": "security_group_rule_postgres",
      "provider": "provider[\"registry.terraform.io/terraform-provider-openstack/openstack\"]",
      "instances": [
        {
          "schema_version": 0,
          "attributes": {
            "description": "",
            "direction": "ingress",
            "ethertype": "IPv4",
            "id": "302f8aaf-cb88-4efd-896d-8877987bd6e0",
            "port_range_max": 5439,
            "port_range_min": 5432,
            "protocol": "tcp",
            "region": "",
            "remote_group_id": "",
            "remote_ip_prefix": "0.0.0.0/0",
            "security_group_id": "8654e739-a9a7-4184-b55f-8423a71b6ff3",
            "tenant_id": "a02aed7892fa45d0bc2bef3b8a08a6e9",
            "timeouts": null
          },
          "sensitive_attributes": [],
          "private": "eyJlMmJmYjczMC1lY2FhLTExZTYtOGY4OC0zNDM2M2JjN2M0YzAiOnsiZGVsZXRlIjo2MDAwMDAwMDAwMDB9fQ==",
          "dependencies": [
            "openstack_networking_secgroup_v2.security_group"
          ]
        }
      ]
    },
    {
      "mode": "managed",
      "type": "openstack_networking_secgroup_rule_v2",
      "name": "security_group_rule_springboot",
      "provider": "provider[\"registry.terraform.io/terraform-provider-openstack/openstack\"]",
      "instances": [
        {
          "schema_version": 0,
          "attributes": {
            "description": "",
            "direction": "ingress",
            "ethertype": "IPv4",
            "id": "9538ebdc-236b-4c77-a852-9138e91b16e1",
            "port_range_max": 8089,
            "port_range_min": 8080,
            "protocol": "tcp",
            "region": "",
            "remote_group_id": "",
            "remote_ip_prefix": "0.0.0.0/0",
            "security_group_id": "8654e739-a9a7-4184-b55f-8423a71b6ff3",
            "tenant_id": "a02aed7892fa45d0bc2bef3b8a08a6e9",
            "timeouts": null
          },
          "sensitive_attributes": [],
          "private": "eyJlMmJmYjczMC1lY2FhLTExZTYtOGY4OC0zNDM2M2JjN2M0YzAiOnsiZGVsZXRlIjo2MDAwMDAwMDAwMDB9fQ==",
          "dependencies": [
            "openstack_networking_secgroup_v2.security_group"
          ]
        }
      ]
    },
    {
      "mode": "managed",
      "type": "openstack_networking_secgroup_rule_v2",
      "name": "security_group_rule_ssh",
      "provider": "provider[\"registry.terraform.io/terraform-provider-openstack/openstack\"]",
      "instances": [
        {
          "schema_version": 0,
          "attributes": {
            "description": "",
            "direction": "ingress",
            "ethertype": "IPv4",
            "id": "82b44aea-af8d-4dfb-8688-7a67c0dabf13",
            "port_range_max": 22,
            "port_range_min": 22,
            "protocol": "tcp",
            "region": "",
            "remote_group_id": "",
            "remote_ip_prefix": "0.0.0.0/0",
            "security_group_id": "8654e739-a9a7-4184-b55f-8423a71b6ff3",
            "tenant_id": "a02aed7892fa45d0bc2bef3b8a08a6e9",
            "timeouts": null
          },
          "sensitive_attributes": [],
          "private": "eyJlMmJmYjczMC1lY2FhLTExZTYtOGY4OC0zNDM2M2JjN2M0YzAiOnsiZGVsZXRlIjo2MDAwMDAwMDAwMDB9fQ==",
          "dependencies": [
            "openstack_networking_secgroup_v2.security_group"
          ]
        }
      ]
    },
    {
      "mode": "managed",
      "type": "openstack_networking_secgroup_v2",
      "name": "security_group",
      "provider": "provider[\"registry.terraform.io/terraform-provider-openstack/openstack\"]",
      "instances": [
        {
          "schema_version": 0,
          "attributes": {
            "all_tags": [],
            "delete_default_rules": null,
            "description": "Security group for the instance",
            "id": "8654e739-a9a7-4184-b55f-8423a71b6ff3",
            "name": "2025-nguen-tf-security-group",
            "region": "",
            "tags": [],
            "tenant_id": "a02aed7892fa45d0bc2bef3b8a08a6e9",
            "timeouts": null
          },
          "sensitive_attributes": [],
          "private": "eyJlMmJmYjczMC1lY2FhLTExZTYtOGY4OC0zNDM2M2JjN2M0YzAiOnsiZGVsZXRlIjo2MDAwMDAwMDAwMDB9fQ=="
        }
      ]
    }
  ],
  "check_results": null
}
